// !$*UTF8*$!
{
	archiveVersion = 1;
	classes = {
	};
	objectVersion = 46;
	objects = {

/* Begin PBXBuildFile section */
		991279F31D1F397F009DCF7A /* Dawg.h in Headers */ = {isa = PBXBuildFile; fileRef = 991279F21D1F397F009DCF7A /* Dawg.h */; settings = {ATTRIBUTES = (Public, ); }; };
		991279FA1D1F3980009DCF7A /* Dawg.framework in Frameworks */ = {isa = PBXBuildFile; fileRef = 991279EF1D1F397F009DCF7A /* Dawg.framework */; };
		991279FF1D1F3980009DCF7A /* DawgTests.swift in Sources */ = {isa = PBXBuildFile; fileRef = 991279FE1D1F3980009DCF7A /* DawgTests.swift */; };
		99127A0F1D1F39A5009DCF7A /* Dawg.swift in Sources */ = {isa = PBXBuildFile; fileRef = 99127A0D1D1F39A5009DCF7A /* Dawg.swift */; };
		99127A101D1F39A5009DCF7A /* DawgBuilder.swift in Sources */ = {isa = PBXBuildFile; fileRef = 99127A0E1D1F39A5009DCF7A /* DawgBuilder.swift */; };
		99127A171D1F39CD009DCF7A /* sowpods.bin in Resources */ = {isa = PBXBuildFile; fileRef = 99127A121D1F39CD009DCF7A /* sowpods.bin */; };
		99127A1F1D1F3C8C009DCF7A /* DawgBuilderTests.swift in Sources */ = {isa = PBXBuildFile; fileRef = 99127A1E1D1F3C8C009DCF7A /* DawgBuilderTests.swift */; };
		99127A211D1F3FD0009DCF7A /* test.txt in Resources */ = {isa = PBXBuildFile; fileRef = 99127A201D1F3FD0009DCF7A /* test.txt */; };
/* End PBXBuildFile section */

/* Begin PBXContainerItemProxy section */
		991279FB1D1F3980009DCF7A /* PBXContainerItemProxy */ = {
			isa = PBXContainerItemProxy;
			containerPortal = 991279E61D1F397F009DCF7A /* Project object */;
			proxyType = 1;
			remoteGlobalIDString = 991279EE1D1F397F009DCF7A;
			remoteInfo = Dawg;
		};
/* End PBXContainerItemProxy section */

/* Begin PBXFileReference section */
		991279EF1D1F397F009DCF7A /* Dawg.framework */ = {isa = PBXFileReference; explicitFileType = wrapper.framework; includeInIndex = 0; path = Dawg.framework; sourceTree = BUILT_PRODUCTS_DIR; };
		991279F21D1F397F009DCF7A /* Dawg.h */ = {isa = PBXFileReference; lastKnownFileType = sourcecode.c.h; path = Dawg.h; sourceTree = "<group>"; };
		991279F41D1F397F009DCF7A /* Info.plist */ = {isa = PBXFileReference; lastKnownFileType = text.plist.xml; path = Info.plist; sourceTree = "<group>"; };
		991279F91D1F3980009DCF7A /* DawgTests.xctest */ = {isa = PBXFileReference; explicitFileType = wrapper.cfbundle; includeInIndex = 0; path = DawgTests.xctest; sourceTree = BUILT_PRODUCTS_DIR; };
		991279FE1D1F3980009DCF7A /* DawgTests.swift */ = {isa = PBXFileReference; lastKnownFileType = sourcecode.swift; path = DawgTests.swift; sourceTree = "<group>"; };
		99127A001D1F3980009DCF7A /* Info.plist */ = {isa = PBXFileReference; lastKnownFileType = text.plist.xml; path = Info.plist; sourceTree = "<group>"; };
		99127A0D1D1F39A5009DCF7A /* Dawg.swift */ = {isa = PBXFileReference; fileEncoding = 4; lastKnownFileType = sourcecode.swift; path = Dawg.swift; sourceTree = "<group>"; };
		99127A0E1D1F39A5009DCF7A /* DawgBuilder.swift */ = {isa = PBXFileReference; fileEncoding = 4; lastKnownFileType = sourcecode.swift; path = DawgBuilder.swift; sourceTree = "<group>"; };
		99127A121D1F39CD009DCF7A /* sowpods.bin */ = {isa = PBXFileReference; lastKnownFileType = archive.macbinary; path = sowpods.bin; sourceTree = "<group>"; };
		99127A1E1D1F3C8C009DCF7A /* DawgBuilderTests.swift */ = {isa = PBXFileReference; fileEncoding = 4; lastKnownFileType = sourcecode.swift; path = DawgBuilderTests.swift; sourceTree = "<group>"; };
		99127A201D1F3FD0009DCF7A /* test.txt */ = {isa = PBXFileReference; fileEncoding = 4; lastKnownFileType = text; path = test.txt; sourceTree = "<group>"; };
/* End PBXFileReference section */

/* Begin PBXFrameworksBuildPhase section */
		991279EB1D1F397F009DCF7A /* Frameworks */ = {
			isa = PBXFrameworksBuildPhase;
			buildActionMask = 2147483647;
			files = (
			);
			runOnlyForDeploymentPostprocessing = 0;
		};
		991279F61D1F3980009DCF7A /* Frameworks */ = {
			isa = PBXFrameworksBuildPhase;
			buildActionMask = 2147483647;
			files = (
				991279FA1D1F3980009DCF7A /* Dawg.framework in Frameworks */,
			);
			runOnlyForDeploymentPostprocessing = 0;
		};
/* End PBXFrameworksBuildPhase section */

/* Begin PBXGroup section */
		991279E51D1F397F009DCF7A = {
			isa = PBXGroup;
			children = (
				991279F11D1F397F009DCF7A /* Dawg */,
				991279FD1D1F3980009DCF7A /* DawgTests */,
				991279F01D1F397F009DCF7A /* Products */,
			);
			sourceTree = "<group>";
		};
		991279F01D1F397F009DCF7A /* Products */ = {
			isa = PBXGroup;
			children = (
				991279EF1D1F397F009DCF7A /* Dawg.framework */,
				991279F91D1F3980009DCF7A /* DawgTests.xctest */,
			);
			name = Products;
			sourceTree = "<group>";
		};
		991279F11D1F397F009DCF7A /* Dawg */ = {
			isa = PBXGroup;
			children = (
				991279F21D1F397F009DCF7A /* Dawg.h */,
				99127A0D1D1F39A5009DCF7A /* Dawg.swift */,
				99127A0E1D1F39A5009DCF7A /* DawgBuilder.swift */,
				991279F41D1F397F009DCF7A /* Info.plist */,
			);
			path = Dawg;
			sourceTree = "<group>";
		};
		991279FD1D1F3980009DCF7A /* DawgTests */ = {
			isa = PBXGroup;
			children = (
				991279FE1D1F3980009DCF7A /* DawgTests.swift */,
				99127A1E1D1F3C8C009DCF7A /* DawgBuilderTests.swift */,
				99127A001D1F3980009DCF7A /* Info.plist */,
				99127A111D1F39CD009DCF7A /* Dictionaries */,
			);
			path = DawgTests;
			sourceTree = "<group>";
		};
		99127A111D1F39CD009DCF7A /* Dictionaries */ = {
			isa = PBXGroup;
			children = (
				99127A121D1F39CD009DCF7A /* sowpods.bin */,
				99127A201D1F3FD0009DCF7A /* test.txt */,
			);
			path = Dictionaries;
			sourceTree = "<group>";
		};
/* End PBXGroup section */

/* Begin PBXHeadersBuildPhase section */
		991279EC1D1F397F009DCF7A /* Headers */ = {
			isa = PBXHeadersBuildPhase;
			buildActionMask = 2147483647;
			files = (
				991279F31D1F397F009DCF7A /* Dawg.h in Headers */,
			);
			runOnlyForDeploymentPostprocessing = 0;
		};
/* End PBXHeadersBuildPhase section */

/* Begin PBXNativeTarget section */
		991279EE1D1F397F009DCF7A /* Dawg */ = {
			isa = PBXNativeTarget;
			buildConfigurationList = 99127A031D1F3980009DCF7A /* Build configuration list for PBXNativeTarget "Dawg" */;
			buildPhases = (
				991279EA1D1F397F009DCF7A /* Sources */,
				991279EB1D1F397F009DCF7A /* Frameworks */,
				991279EC1D1F397F009DCF7A /* Headers */,
				991279ED1D1F397F009DCF7A /* Resources */,
			);
			buildRules = (
			);
			dependencies = (
			);
			name = Dawg;
			productName = Dawg;
			productReference = 991279EF1D1F397F009DCF7A /* Dawg.framework */;
			productType = "com.apple.product-type.framework";
		};
		991279F81D1F3980009DCF7A /* DawgTests */ = {
			isa = PBXNativeTarget;
			buildConfigurationList = 99127A061D1F3980009DCF7A /* Build configuration list for PBXNativeTarget "DawgTests" */;
			buildPhases = (
				991279F51D1F3980009DCF7A /* Sources */,
				991279F61D1F3980009DCF7A /* Frameworks */,
				991279F71D1F3980009DCF7A /* Resources */,
			);
			buildRules = (
			);
			dependencies = (
				991279FC1D1F3980009DCF7A /* PBXTargetDependency */,
			);
			name = DawgTests;
			productName = DawgTests;
			productReference = 991279F91D1F3980009DCF7A /* DawgTests.xctest */;
			productType = "com.apple.product-type.bundle.unit-test";
		};
/* End PBXNativeTarget section */

/* Begin PBXProject section */
		991279E61D1F397F009DCF7A /* Project object */ = {
			isa = PBXProject;
			attributes = {
				LastSwiftUpdateCheck = 0730;
				LastUpgradeCheck = 0820;
				ORGANIZATIONNAME = CJNevin;
				TargetAttributes = {
					991279EE1D1F397F009DCF7A = {
						CreatedOnToolsVersion = 7.3;
						LastSwiftMigration = 0820;
					};
					991279F81D1F3980009DCF7A = {
						CreatedOnToolsVersion = 7.3;
						LastSwiftMigration = 0820;
					};
				};
			};
			buildConfigurationList = 991279E91D1F397F009DCF7A /* Build configuration list for PBXProject "Dawg" */;
			compatibilityVersion = "Xcode 3.2";
			developmentRegion = English;
			hasScannedForEncodings = 0;
			knownRegions = (
				en,
			);
			mainGroup = 991279E51D1F397F009DCF7A;
			productRefGroup = 991279F01D1F397F009DCF7A /* Products */;
			projectDirPath = "";
			projectRoot = "";
			targets = (
				991279EE1D1F397F009DCF7A /* Dawg */,
				991279F81D1F3980009DCF7A /* DawgTests */,
			);
		};
/* End PBXProject section */

/* Begin PBXResourcesBuildPhase section */
		991279ED1D1F397F009DCF7A /* Resources */ = {
			isa = PBXResourcesBuildPhase;
			buildActionMask = 2147483647;
			files = (
			);
			runOnlyForDeploymentPostprocessing = 0;
		};
		991279F71D1F3980009DCF7A /* Resources */ = {
			isa = PBXResourcesBuildPhase;
			buildActionMask = 2147483647;
			files = (
				99127A211D1F3FD0009DCF7A /* test.txt in Resources */,
				99127A171D1F39CD009DCF7A /* sowpods.bin in Resources */,
			);
			runOnlyForDeploymentPostprocessing = 0;
		};
/* End PBXResourcesBuildPhase section */

/* Begin PBXSourcesBuildPhase section */
		991279EA1D1F397F009DCF7A /* Sources */ = {
			isa = PBXSourcesBuildPhase;
			buildActionMask = 2147483647;
			files = (
				99127A0F1D1F39A5009DCF7A /* Dawg.swift in Sources */,
				99127A101D1F39A5009DCF7A /* DawgBuilder.swift in Sources */,
			);
			runOnlyForDeploymentPostprocessing = 0;
		};
		991279F51D1F3980009DCF7A /* Sources */ = {
			isa = PBXSourcesBuildPhase;
			buildActionMask = 2147483647;
			files = (
				99127A1F1D1F3C8C009DCF7A /* DawgBuilderTests.swift in Sources */,
				991279FF1D1F3980009DCF7A /* DawgTests.swift in Sources */,
			);
			runOnlyForDeploymentPostprocessing = 0;
		};
/* End PBXSourcesBuildPhase section */

/* Begin PBXTargetDependency section */
		991279FC1D1F3980009DCF7A /* PBXTargetDependency */ = {
			isa = PBXTargetDependency;
			target = 991279EE1D1F397F009DCF7A /* Dawg */;
			targetProxy = 991279FB1D1F3980009DCF7A /* PBXContainerItemProxy */;
		};
/* End PBXTargetDependency section */

/* Begin XCBuildConfiguration section */
		99127A011D1F3980009DCF7A /* Debug */ = {
			isa = XCBuildConfiguration;
			buildSettings = {
				ALWAYS_SEARCH_USER_PATHS = NO;
				CLANG_ANALYZER_NONNULL = YES;
				CLANG_CXX_LANGUAGE_STANDARD = "gnu++0x";
				CLANG_CXX_LIBRARY = "libc++";
				CLANG_ENABLE_MODULES = YES;
				CLANG_ENABLE_OBJC_ARC = YES;
				CLANG_WARN_BOOL_CONVERSION = YES;
				CLANG_WARN_CONSTANT_CONVERSION = YES;
				CLANG_WARN_DIRECT_OBJC_ISA_USAGE = YES_ERROR;
				CLANG_WARN_EMPTY_BODY = YES;
				CLANG_WARN_ENUM_CONVERSION = YES;
				CLANG_WARN_INFINITE_RECURSION = YES;
				CLANG_WARN_INT_CONVERSION = YES;
				CLANG_WARN_OBJC_ROOT_CLASS = YES_ERROR;
				CLANG_WARN_SUSPICIOUS_MOVE = YES;
				CLANG_WARN_UNREACHABLE_CODE = YES;
				CLANG_WARN__DUPLICATE_METHOD_MATCH = YES;
				"CODE_SIGN_IDENTITY[sdk=iphoneos*]" = "iPhone Developer";
				COPY_PHASE_STRIP = NO;
				CURRENT_PROJECT_VERSION = 1;
				DEBUG_INFORMATION_FORMAT = dwarf;
				ENABLE_STRICT_OBJC_MSGSEND = YES;
				ENABLE_TESTABILITY = YES;
				GCC_C_LANGUAGE_STANDARD = gnu99;
				GCC_DYNAMIC_NO_PIC = NO;
				GCC_NO_COMMON_BLOCKS = YES;
				GCC_OPTIMIZATION_LEVEL = 0;
				GCC_PREPROCESSOR_DEFINITIONS = (
					"DEBUG=1",
					"$(inherited)",
				);
				GCC_WARN_64_TO_32_BIT_CONVERSION = YES;
				GCC_WARN_ABOUT_RETURN_TYPE = YES_ERROR;
				GCC_WARN_UNDECLARED_SELECTOR = YES;
				GCC_WARN_UNINITIALIZED_AUTOS = YES_AGGRESSIVE;
				GCC_WARN_UNUSED_FUNCTION = YES;
				GCC_WARN_UNUSED_VARIABLE = YES;
				IPHONEOS_DEPLOYMENT_TARGET = 9.3;
				MTL_ENABLE_DEBUG_INFO = YES;
				ONLY_ACTIVE_ARCH = YES;
				SDKROOT = iphoneos;
				SWIFT_OPTIMIZATION_LEVEL = "-Onone";
				TARGETED_DEVICE_FAMILY = "1,2";
				VERSIONING_SYSTEM = "apple-generic";
				VERSION_INFO_PREFIX = "";
			};
			name = Debug;
		};
		99127A021D1F3980009DCF7A /* Release */ = {
			isa = XCBuildConfiguration;
			buildSettings = {
				ALWAYS_SEARCH_USER_PATHS = NO;
				CLANG_ANALYZER_NONNULL = YES;
				CLANG_CXX_LANGUAGE_STANDARD = "gnu++0x";
				CLANG_CXX_LIBRARY = "libc++";
				CLANG_ENABLE_MODULES = YES;
				CLANG_ENABLE_OBJC_ARC = YES;
				CLANG_WARN_BOOL_CONVERSION = YES;
				CLANG_WARN_CONSTANT_CONVERSION = YES;
				CLANG_WARN_DIRECT_OBJC_ISA_USAGE = YES_ERROR;
				CLANG_WARN_EMPTY_BODY = YES;
				CLANG_WARN_ENUM_CONVERSION = YES;
				CLANG_WARN_INFINITE_RECURSION = YES;
				CLANG_WARN_INT_CONVERSION = YES;
				CLANG_WARN_OBJC_ROOT_CLASS = YES_ERROR;
				CLANG_WARN_SUSPICIOUS_MOVE = YES;
				CLANG_WARN_UNREACHABLE_CODE = YES;
				CLANG_WARN__DUPLICATE_METHOD_MATCH = YES;
				"CODE_SIGN_IDENTITY[sdk=iphoneos*]" = "iPhone Developer";
				COPY_PHASE_STRIP = NO;
				CURRENT_PROJECT_VERSION = 1;
				DEBUG_INFORMATION_FORMAT = "dwarf-with-dsym";
				ENABLE_NS_ASSERTIONS = NO;
				ENABLE_STRICT_OBJC_MSGSEND = YES;
				GCC_C_LANGUAGE_STANDARD = gnu99;
				GCC_NO_COMMON_BLOCKS = YES;
				GCC_WARN_64_TO_32_BIT_CONVERSION = YES;
				GCC_WARN_ABOUT_RETURN_TYPE = YES_ERROR;
				GCC_WARN_UNDECLARED_SELECTOR = YES;
				GCC_WARN_UNINITIALIZED_AUTOS = YES_AGGRESSIVE;
				GCC_WARN_UNUSED_FUNCTION = YES;
				GCC_WARN_UNUSED_VARIABLE = YES;
				IPHONEOS_DEPLOYMENT_TARGET = 9.3;
				MTL_ENABLE_DEBUG_INFO = NO;
				SDKROOT = iphoneos;
				SWIFT_OPTIMIZATION_LEVEL = "-Owholemodule";
				TARGETED_DEVICE_FAMILY = "1,2";
				VALIDATE_PRODUCT = YES;
				VERSIONING_SYSTEM = "apple-generic";
				VERSION_INFO_PREFIX = "";
			};
			name = Release;
		};
		99127A041D1F3980009DCF7A /* Debug */ = {
			isa = XCBuildConfiguration;
			buildSettings = {
				CLANG_ENABLE_MODULES = YES;
				"CODE_SIGN_IDENTITY[sdk=iphoneos*]" = "";
				DEFINES_MODULE = YES;
				DYLIB_COMPATIBILITY_VERSION = 1;
				DYLIB_CURRENT_VERSION = 1;
				DYLIB_INSTALL_NAME_BASE = "@rpath";
				INFOPLIST_FILE = Dawg/Info.plist;
				INSTALL_PATH = "$(LOCAL_LIBRARY_DIR)/Frameworks";
				LD_RUNPATH_SEARCH_PATHS = "$(inherited) @executable_path/Frameworks @loader_path/Frameworks";
				PRODUCT_BUNDLE_IDENTIFIER = com.cjnevin.Dawg;
				PRODUCT_NAME = "$(TARGET_NAME)";
				SKIP_INSTALL = YES;
				SWIFT_OPTIMIZATION_LEVEL = "-Onone";
				SWIFT_VERSION = 3.0;
			};
			name = Debug;
		};
		99127A051D1F3980009DCF7A /* Release */ = {
			isa = XCBuildConfiguration;
			buildSettings = {
				CLANG_ENABLE_MODULES = YES;
				"CODE_SIGN_IDENTITY[sdk=iphoneos*]" = "";
				DEFINES_MODULE = YES;
				DYLIB_COMPATIBILITY_VERSION = 1;
				DYLIB_CURRENT_VERSION = 1;
				DYLIB_INSTALL_NAME_BASE = "@rpath";
				INFOPLIST_FILE = Dawg/Info.plist;
				INSTALL_PATH = "$(LOCAL_LIBRARY_DIR)/Frameworks";
				LD_RUNPATH_SEARCH_PATHS = "$(inherited) @executable_path/Frameworks @loader_path/Frameworks";
				PRODUCT_BUNDLE_IDENTIFIER = com.cjnevin.Dawg;
				PRODUCT_NAME = "$(TARGET_NAME)";
				SKIP_INSTALL = YES;
				SWIFT_VERSION = 3.0;
			};
			name = Release;
		};
		99127A071D1F3980009DCF7A /* Debug */ = {
			isa = XCBuildConfiguration;
			buildSettings = {
				INFOPLIST_FILE = DawgTests/Info.plist;
				LD_RUNPATH_SEARCH_PATHS = "$(inherited) @executable_path/Frameworks @loader_path/Frameworks";
				PRODUCT_BUNDLE_IDENTIFIER = com.cjnevin.DawgTests;
				PRODUCT_NAME = "$(TARGET_NAME)";
				SWIFT_VERSION = 3.0;
			};
			name = Debug;
		};
		99127A081D1F3980009DCF7A /* Release */ = {
			isa = XCBuildConfiguration;
			buildSettings = {
				INFOPLIST_FILE = DawgTests/Info.plist;
				LD_RUNPATH_SEARCH_PATHS = "$(inherited) @executable_path/Frameworks @loader_path/Frameworks";
				PRODUCT_BUNDLE_IDENTIFIER = com.cjnevin.DawgTests;
				PRODUCT_NAME = "$(TARGET_NAME)";
				SWIFT_VERSION = 3.0;
			};
			name = Release;
		};
/* End XCBuildConfiguration section */

/* Begin XCConfigurationList section */
		991279E91D1F397F009DCF7A /* Build configuration list for PBXProject "Dawg" */ = {
			isa = XCConfigurationList;
			buildConfigurations = (
				99127A011D1F3980009DCF7A /* Debug */,
				99127A021D1F3980009DCF7A /* Release */,
			);
			defaultConfigurationIsVisible = 0;
			defaultConfigurationName = Release;
		};
		99127A031D1F3980009DCF7A /* Build configuration list for PBXNativeTarget "Dawg" */ = {
			isa = XCConfigurationList;
			buildConfigurations = (
				99127A041D1F3980009DCF7A /* Debug */,
				99127A051D1F3980009DCF7A /* Release */,
			);
			defaultConfigurationIsVisible = 0;
			defaultConfigurationName = Release;
		};
		99127A061D1F3980009DCF7A /* Build configuration list for PBXNativeTarget "DawgTests" */ = {
			isa = XCConfigurationList;
			buildConfigurations = (
				99127A071D1F3980009DCF7A /* Debug */,
				99127A081D1F3980009DCF7A /* Release */,
			);
			defaultConfigurationIsVisible = 0;
			defaultConfigurationName = Release;
		};
/* End XCConfigurationList section */
	};
	rootObject = 991279E61D1F397F009DCF7A /* Project object */;
}
